
Microsoft Visual Studio Solution File, Format Version 12.00
# Visual Studio Version 16
VisualStudioVersion = 16.0.31205.134
MinimumVisualStudioVersion = 10.0.40219.1
Project("{2150E333-8FDC-42A3-9474-1A3956D46DE8}") = "Services", "Services", "{C218D132-57CF-42D3-B7BA-0330FDD3A29E}"
EndProject
Project("{2150E333-8FDC-42A3-9474-1A3956D46DE8}") = "Catalog", "Catalog", "{76390A07-D743-4279-AC5A-1E54EED78A41}"
EndProject
Project("{9A19103F-16F7-4668-BE54-9A1E7A4F7556}") = "Catalog.API", "Services\Catalog\Catalog.API\Catalog.API.csproj", "{24940632-1BAA-4578-8390-F1A326F0BC49}"
EndProject
Project("{2150E333-8FDC-42A3-9474-1A3956D46DE8}") = "Basket", "Basket", "{686075F3-8F30-4BA1-A8EF-4C519F60B753}"
EndProject
Project("{9A19103F-16F7-4668-BE54-9A1E7A4F7556}") = "Basket.API", "Services\Basket\Basket.API\Basket.API.csproj", "{5C01C0FD-1A6B-4B06-941D-DB193EA650DC}"
EndProject
Project("{2150E333-8FDC-42A3-9474-1A3956D46DE8}") = "Ordering", "Ordering", "{D573B835-04A4-4305-903D-C69F8640C2D6}"
EndProject
Project("{9A19103F-16F7-4668-BE54-9A1E7A4F7556}") = "Ordering.API", "Services\Ordering\Ordering.API\Ordering.API.csproj", "{D69622BF-FD8D-4659-AF7F-AC4C2DB58EB6}"
EndProject
Project("{9A19103F-16F7-4668-BE54-9A1E7A4F7556}") = "Ordering.Domain", "Services\Ordering\Ordering.Domain\Ordering.Domain.csproj", "{7EA5625A-4DC0-49E3-8A71-7BD52A846F71}"
EndProject
Project("{9A19103F-16F7-4668-BE54-9A1E7A4F7556}") = "Ordering.Application", "Services\Ordering\Ordering.Application\Ordering.Application.csproj", "{0033B3B4-DCA1-4D9C-8980-353E1CFA096B}"
EndProject
Project("{9A19103F-16F7-4668-BE54-9A1E7A4F7556}") = "Ordering.Infrastructure", "Services\Ordering\Ordering.Infrastructure\Ordering.Infrastructure.csproj", "{6CEDF021-1BB7-4D67-B026-DE3C0643B70D}"
EndProject
Project("{2150E333-8FDC-42A3-9474-1A3956D46DE8}") = "BuildingBlocks", "BuildingBlocks", "{6E4D2E06-2CF8-4F83-884D-C589AE6999FD}"
EndProject
Project("{FAE04EC0-301F-11D3-BF4B-00C04F79EFBC}") = "EventBus.Messages", "BuildingBlocks\EventBus.Messages\EventBus.Messages.csproj", "{1BA4F4B3-633B-4D16-A228-8A52E1CCADBC}"
EndProject
Global
	GlobalSection(SolutionConfigurationPlatforms) = preSolution
		Debug|Any CPU = Debug|Any CPU
		Release|Any CPU = Release|Any CPU
	EndGlobalSection
	GlobalSection(ProjectConfigurationPlatforms) = postSolution
		{24940632-1BAA-4578-8390-F1A326F0BC49}.Debug|Any CPU.ActiveCfg = Debug|Any CPU
		{24940632-1BAA-4578-8390-F1A326F0BC49}.Debug|Any CPU.Build.0 = Debug|Any CPU
		{24940632-1BAA-4578-8390-F1A326F0BC49}.Release|Any CPU.ActiveCfg = Release|Any CPU
		{24940632-1BAA-4578-8390-F1A326F0BC49}.Release|Any CPU.Build.0 = Release|Any CPU
		{5C01C0FD-1A6B-4B06-941D-DB193EA650DC}.Debug|Any CPU.ActiveCfg = Debug|Any CPU
		{5C01C0FD-1A6B-4B06-941D-DB193EA650DC}.Debug|Any CPU.Build.0 = Debug|Any CPU
		{5C01C0FD-1A6B-4B06-941D-DB193EA650DC}.Release|Any CPU.ActiveCfg = Release|Any CPU
		{5C01C0FD-1A6B-4B06-941D-DB193EA650DC}.Release|Any CPU.Build.0 = Release|Any CPU
		{D69622BF-FD8D-4659-AF7F-AC4C2DB58EB6}.Debug|Any CPU.ActiveCfg = Debug|Any CPU
		{D69622BF-FD8D-4659-AF7F-AC4C2DB58EB6}.Debug|Any CPU.Build.0 = Debug|Any CPU
		{D69622BF-FD8D-4659-AF7F-AC4C2DB58EB6}.Release|Any CPU.ActiveCfg = Release|Any CPU
		{D69622BF-FD8D-4659-AF7F-AC4C2DB58EB6}.Release|Any CPU.Build.0 = Release|Any CPU
		{7EA5625A-4DC0-49E3-8A71-7BD52A846F71}.Debug|Any CPU.ActiveCfg = Debug|Any CPU
		{7EA5625A-4DC0-49E3-8A71-7BD52A846F71}.Debug|Any CPU.Build.0 = Debug|Any CPU
		{7EA5625A-4DC0-49E3-8A71-7BD52A846F71}.Release|Any CPU.ActiveCfg = Release|Any CPU
		{7EA5625A-4DC0-49E3-8A71-7BD52A846F71}.Release|Any CPU.Build.0 = Release|Any CPU
		{0033B3B4-DCA1-4D9C-8980-353E1CFA096B}.Debug|Any CPU.ActiveCfg = Debug|Any CPU
		{0033B3B4-DCA1-4D9C-8980-353E1CFA096B}.Debug|Any CPU.Build.0 = Debug|Any CPU
		{0033B3B4-DCA1-4D9C-8980-353E1CFA096B}.Release|Any CPU.ActiveCfg = Release|Any CPU
		{0033B3B4-DCA1-4D9C-8980-353E1CFA096B}.Release|Any CPU.Build.0 = Release|Any CPU
		{6CEDF021-1BB7-4D67-B026-DE3C0643B70D}.Debug|Any CPU.ActiveCfg = Debug|Any CPU
		{6CEDF021-1BB7-4D67-B026-DE3C0643B70D}.Debug|Any CPU.Build.0 = Debug|Any CPU
		{6CEDF021-1BB7-4D67-B026-DE3C0643B70D}.Release|Any CPU.ActiveCfg = Release|Any CPU
		{6CEDF021-1BB7-4D67-B026-DE3C0643B70D}.Release|Any CPU.Build.0 = Release|Any CPU
		{1BA4F4B3-633B-4D16-A228-8A52E1CCADBC}.Debug|Any CPU.ActiveCfg = Debug|Any CPU
		{1BA4F4B3-633B-4D16-A228-8A52E1CCADBC}.Debug|Any CPU.Build.0 = Debug|Any CPU
		{1BA4F4B3-633B-4D16-A228-8A52E1CCADBC}.Release|Any CPU.ActiveCfg = Release|Any CPU
		{1BA4F4B3-633B-4D16-A228-8A52E1CCADBC}.Release|Any CPU.Build.0 = Release|Any CPU
	EndGlobalSection
	GlobalSection(SolutionProperties) = preSolution
		HideSolutionNode = FALSE
	EndGlobalSection
	GlobalSection(NestedProjects) = preSolution
		{76390A07-D743-4279-AC5A-1E54EED78A41} = {C218D132-57CF-42D3-B7BA-0330FDD3A29E}
		{24940632-1BAA-4578-8390-F1A326F0BC49} = {76390A07-D743-4279-AC5A-1E54EED78A41}
		{686075F3-8F30-4BA1-A8EF-4C519F60B753} = {C218D132-57CF-42D3-B7BA-0330FDD3A29E}
		{5C01C0FD-1A6B-4B06-941D-DB193EA650DC} = {686075F3-8F30-4BA1-A8EF-4C519F60B753}
		{D573B835-04A4-4305-903D-C69F8640C2D6} = {C218D132-57CF-42D3-B7BA-0330FDD3A29E}
		{D69622BF-FD8D-4659-AF7F-AC4C2DB58EB6} = {D573B835-04A4-4305-903D-C69F8640C2D6}
		{7EA5625A-4DC0-49E3-8A71-7BD52A846F71} = {D573B835-04A4-4305-903D-C69F8640C2D6}
		{0033B3B4-DCA1-4D9C-8980-353E1CFA096B} = {D573B835-04A4-4305-903D-C69F8640C2D6}
		{6CEDF021-1BB7-4D67-B026-DE3C0643B70D} = {D573B835-04A4-4305-903D-C69F8640C2D6}
		{1BA4F4B3-633B-4D16-A228-8A52E1CCADBC} = {6E4D2E06-2CF8-4F83-884D-C589AE6999FD}
	EndGlobalSection
	GlobalSection(ExtensibilityGlobals) = postSolution
		SolutionGuid = {5059D97B-ACCC-446A-8F33-F77373798487}
	EndGlobalSection
EndGlobal
