
Microsoft Visual Studio Solution File, Format Version 12.00
# Visual Studio Version 16
VisualStudioVersion = 16.0.31205.134
MinimumVisualStudioVersion = 10.0.40219.1
Project("{2150E333-8FDC-42A3-9474-1A3956D46DE8}") = "Services", "Services", "{C218D132-57CF-42D3-B7BA-0330FDD3A29E}"
EndProject
Project("{2150E333-8FDC-42A3-9474-1A3956D46DE8}") = "Catalog", "Catalog", "{76390A07-D743-4279-AC5A-1E54EED78A41}"
EndProject
Project("{FAE04EC0-301F-11D3-BF4B-00C04F79EFBC}") = "Catalog.API", "Services\Catalog\Catalog.API\Catalog.API.csproj", "{24940632-1BAA-4578-8390-F1A326F0BC49}"
EndProject
Global
	GlobalSection(SolutionConfigurationPlatforms) = preSolution
		Debug|Any CPU = Debug|Any CPU
		Release|Any CPU = Release|Any CPU
	EndGlobalSection
	GlobalSection(ProjectConfigurationPlatforms) = postSolution
		{24940632-1BAA-4578-8390-F1A326F0BC49}.Debug|Any CPU.ActiveCfg = Debug|Any CPU
		{24940632-1BAA-4578-8390-F1A326F0BC49}.Debug|Any CPU.Build.0 = Debug|Any CPU
		{24940632-1BAA-4578-8390-F1A326F0BC49}.Release|Any CPU.ActiveCfg = Release|Any CPU
		{24940632-1BAA-4578-8390-F1A326F0BC49}.Release|Any CPU.Build.0 = Release|Any CPU
	EndGlobalSection
	GlobalSection(SolutionProperties) = preSolution
		HideSolutionNode = FALSE
	EndGlobalSection
	GlobalSection(NestedProjects) = preSolution
		{76390A07-D743-4279-AC5A-1E54EED78A41} = {C218D132-57CF-42D3-B7BA-0330FDD3A29E}
		{24940632-1BAA-4578-8390-F1A326F0BC49} = {76390A07-D743-4279-AC5A-1E54EED78A41}
	EndGlobalSection
	GlobalSection(ExtensibilityGlobals) = postSolution
		SolutionGuid = {5059D97B-ACCC-446A-8F33-F77373798487}
	EndGlobalSection
EndGlobal
